Microsoft Visual Studio Solution File, Format Version 12.00
# Visual Studio Version 17
VisualStudioVersion = 17.7.34202.233
MinimumVisualStudioVersion = 10.0.40219.1
Project("{9A19103F-16F7-4668-BE54-9A1E7A4F7556}") = "BitCrackLauncher", "BitCrackLauncher.csproj", "{B37DB8DD-46A6-4951-986A-A8147299E558}"
EndProject
Global
	GlobalSection(SolutionConfigurationPlatforms) = preSolution
		Debug|Any CPU = Debug|Any CPU
		Release|Any CPU = Release|Any CPU
	EndGlobalSection
	GlobalSection(ProjectConfigurationPlatforms) = postSolution
		{B37DB8DD-46A6-4951-986A-A8147299E558}.Debug|Any CPU.ActiveCfg = Debug|Any CPU
		{B37DB8DD-46A6-4951-986A-A8147299E558}.Debug|Any CPU.Build.0 = Debug|Any CPU
		{B37DB8DD-46A6-4951-986A-A8147299E558}.Release|Any CPU.ActiveCfg = Release|Any CPU
		{B37DB8DD-46A6-4951-986A-A8147299E558}.Release|Any CPU.Build.0 = Release|Any CPU
	EndGlobalSection
	GlobalSection(SolutionProperties) = preSolution
		HideSolutionNode = FALSE
	EndGlobalSection
	GlobalSection(ExtensibilityGlobals) = postSolution
		SolutionGuid = {DC324B16-AFD9-42F0-9890-0DCB1528E634}
	EndGlobalSection
EndGlobal
